
Microsoft Visual Studio Solution File, Format Version 12.00
# Visual Studio 2012
Project("{FAE04EC0-301F-11D3-BF4B-00C04F79EFBC}") = "JamTemplate", "Code\JamTemplate.csproj", "{C9FA175F-8215-421A-9909-18C280B99837}"
EndProject
Project("{FAE04EC0-301F-11D3-BF4B-00C04F79EFBC}") = "JamUtilities", "Lib\JamUtilities\JamUtilities\JamUtilities.csproj", "{FC7A5984-9B7D-494C-A49D-059DCABFB253}"
EndProject
Project("{FAE04EC0-301F-11D3-BF4B-00C04F79EFBC}") = "Evolution", "Evolution\Evolution.csproj", "{2677910E-6D15-4CA3-B255-4E4CDB0C3276}"
EndProject
Project("{FAE04EC0-301F-11D3-BF4B-00C04F79EFBC}") = "Evolution.ConsoleTester", "Evolution.ConsoleTester\Evolution.ConsoleTester.csproj", "{4A910579-05AA-42B4-BF64-D037A61AD687}"
EndProject
Project("{FAE04EC0-301F-11D3-BF4B-00C04F79EFBC}") = "WorldInterfaces", "Code\WorldInterfaces\WorldInterfaces.csproj", "{006634E8-0EE2-4B30-ADAC-A5F62AFC9286}"
EndProject
Project("{FAE04EC0-301F-11D3-BF4B-00C04F79EFBC}") = "WorldGeneration", "Code\WorldGeneration\WorldGeneration.csproj", "{DAF83965-AF3B-49FD-80B9-2FF0EC531EE8}"
EndProject
Project("{FAE04EC0-301F-11D3-BF4B-00C04F79EFBC}") = "WorldEvolver", "Code\WorldEvolver\WorldEvolver.csproj", "{E0E44A4C-61C9-464E-B11D-01EC6781B3B5}"
EndProject
Project("{FAE04EC0-301F-11D3-BF4B-00C04F79EFBC}") = "ArtificialIntelligence", "Code\ArtificialIntelligence\ArtificialIntelligence.csproj", "{65E1C85E-82FD-4436-A33F-86455CF53B41}"
EndProject
Global
	GlobalSection(SolutionConfigurationPlatforms) = preSolution
		Debug|x86 = Debug|x86
		Release|x86 = Release|x86
	EndGlobalSection
	GlobalSection(ProjectConfigurationPlatforms) = postSolution
		{C9FA175F-8215-421A-9909-18C280B99837}.Debug|x86.ActiveCfg = Debug|x86
		{C9FA175F-8215-421A-9909-18C280B99837}.Debug|x86.Build.0 = Debug|x86
		{C9FA175F-8215-421A-9909-18C280B99837}.Release|x86.ActiveCfg = Release|x86
		{C9FA175F-8215-421A-9909-18C280B99837}.Release|x86.Build.0 = Release|x86
		{FC7A5984-9B7D-494C-A49D-059DCABFB253}.Debug|x86.ActiveCfg = Debug|x86
		{FC7A5984-9B7D-494C-A49D-059DCABFB253}.Debug|x86.Build.0 = Debug|x86
		{FC7A5984-9B7D-494C-A49D-059DCABFB253}.Release|x86.ActiveCfg = Release|x86
		{FC7A5984-9B7D-494C-A49D-059DCABFB253}.Release|x86.Build.0 = Release|x86
		{2677910E-6D15-4CA3-B255-4E4CDB0C3276}.Debug|x86.ActiveCfg = Debug|x86
		{2677910E-6D15-4CA3-B255-4E4CDB0C3276}.Debug|x86.Build.0 = Debug|x86
		{2677910E-6D15-4CA3-B255-4E4CDB0C3276}.Release|x86.ActiveCfg = Release|x86
		{2677910E-6D15-4CA3-B255-4E4CDB0C3276}.Release|x86.Build.0 = Release|x86
		{4A910579-05AA-42B4-BF64-D037A61AD687}.Debug|x86.ActiveCfg = Debug|x86
		{4A910579-05AA-42B4-BF64-D037A61AD687}.Debug|x86.Build.0 = Debug|x86
		{4A910579-05AA-42B4-BF64-D037A61AD687}.Release|x86.ActiveCfg = Release|x86
		{4A910579-05AA-42B4-BF64-D037A61AD687}.Release|x86.Build.0 = Release|x86
		{006634E8-0EE2-4B30-ADAC-A5F62AFC9286}.Debug|x86.ActiveCfg = Debug|x86
		{006634E8-0EE2-4B30-ADAC-A5F62AFC9286}.Debug|x86.Build.0 = Debug|x86
		{006634E8-0EE2-4B30-ADAC-A5F62AFC9286}.Release|x86.ActiveCfg = Release|x86
		{006634E8-0EE2-4B30-ADAC-A5F62AFC9286}.Release|x86.Build.0 = Release|x86
		{DAF83965-AF3B-49FD-80B9-2FF0EC531EE8}.Debug|x86.ActiveCfg = Debug|x86
		{DAF83965-AF3B-49FD-80B9-2FF0EC531EE8}.Debug|x86.Build.0 = Debug|x86
		{DAF83965-AF3B-49FD-80B9-2FF0EC531EE8}.Release|x86.ActiveCfg = Release|x86
		{DAF83965-AF3B-49FD-80B9-2FF0EC531EE8}.Release|x86.Build.0 = Release|x86
		{E0E44A4C-61C9-464E-B11D-01EC6781B3B5}.Debug|x86.ActiveCfg = Debug|x86
		{E0E44A4C-61C9-464E-B11D-01EC6781B3B5}.Debug|x86.Build.0 = Debug|x86
		{E0E44A4C-61C9-464E-B11D-01EC6781B3B5}.Release|x86.ActiveCfg = Release|x86
		{E0E44A4C-61C9-464E-B11D-01EC6781B3B5}.Release|x86.Build.0 = Release|x86
		{65E1C85E-82FD-4436-A33F-86455CF53B41}.Debug|x86.ActiveCfg = Debug|x86
		{65E1C85E-82FD-4436-A33F-86455CF53B41}.Debug|x86.Build.0 = Debug|x86
		{65E1C85E-82FD-4436-A33F-86455CF53B41}.Release|x86.ActiveCfg = Release|x86
		{65E1C85E-82FD-4436-A33F-86455CF53B41}.Release|x86.Build.0 = Release|x86
	EndGlobalSection
	GlobalSection(SolutionProperties) = preSolution
		HideSolutionNode = FALSE
	EndGlobalSection
	GlobalSection(Performance) = preSolution
		HasPerformanceSessions = true
	EndGlobalSection
EndGlobal
